// !$*UTF8*$!
{
	archiveVersion = 1;
	classes = {
	};
	objectVersion = 56;
	objects = {

/* Begin PBXBuildFile section */
		2800646A2BB610580076815A /* ContentView.swift in Sources */ = {isa = PBXBuildFile; fileRef = 280064692BB610580076815A /* ContentView.swift */; };
		2800646F2BB611C00076815A /* HomeViewModel.swift in Sources */ = {isa = PBXBuildFile; fileRef = 2800646E2BB611C00076815A /* HomeViewModel.swift */; };
		280064732BB61B050076815A /* CoinDataService.swift in Sources */ = {isa = PBXBuildFile; fileRef = 280064722BB61B050076815A /* CoinDataService.swift */; };
		280064752BB62CA00076815A /* SearchBarView.swift in Sources */ = {isa = PBXBuildFile; fileRef = 280064742BB62CA00076815A /* SearchBarView.swift */; };
		288DFBF82BC975FD00A797A8 /* SubHeaderView.swift in Sources */ = {isa = PBXBuildFile; fileRef = 288DFBF72BC975FD00A797A8 /* SubHeaderView.swift */; };
		288DFBFB2BC9794800A797A8 /* AllCoinListView.swift in Sources */ = {isa = PBXBuildFile; fileRef = 288DFBFA2BC9794800A797A8 /* AllCoinListView.swift */; };
		288DFBFE2BC97AA300A797A8 /* PortfolioCoinListView.swift in Sources */ = {isa = PBXBuildFile; fileRef = 288DFBFD2BC97AA300A797A8 /* PortfolioCoinListView.swift */; };
		288DFC012BC97FF000A797A8 /* CoinModel.swift in Sources */ = {isa = PBXBuildFile; fileRef = 288DFC002BC97FF000A797A8 /* CoinModel.swift */; };
		288DFC062BC9809D00A797A8 /* TitleView.swift in Sources */ = {isa = PBXBuildFile; fileRef = 288DFC052BC9809D00A797A8 /* TitleView.swift */; };
		288DFC082BC980FA00A797A8 /* AllCoinLogoViews.swift in Sources */ = {isa = PBXBuildFile; fileRef = 288DFC072BC980FA00A797A8 /* AllCoinLogoViews.swift */; };
		288DFC0A2BC983BD00A797A8 /* PortfolioInputView.swift in Sources */ = {isa = PBXBuildFile; fileRef = 288DFC092BC983BD00A797A8 /* PortfolioInputView.swift */; };
		288DFC0C2BC9A89C00A797A8 /* PortfolioNavbarView.swift in Sources */ = {isa = PBXBuildFile; fileRef = 288DFC0B2BC9A89C00A797A8 /* PortfolioNavbarView.swift */; };
		2897E5352BA9779700A9D8B0 /* Color.swift in Sources */ = {isa = PBXBuildFile; fileRef = 2897E5342BA9779600A9D8B0 /* Color.swift */; };
		2897E53F2BA97B3600A9D8B0 /* CustomCircleButtonView.swift in Sources */ = {isa = PBXBuildFile; fileRef = 2897E53E2BA97B3600A9D8B0 /* CustomCircleButtonView.swift */; };
		2897E5412BA983E600A9D8B0 /* CircleButtonAnimationView.swift in Sources */ = {isa = PBXBuildFile; fileRef = 2897E5402BA983E600A9D8B0 /* CircleButtonAnimationView.swift */; };
		2897E5432BA987FF00A9D8B0 /* NavbarView.swift in Sources */ = {isa = PBXBuildFile; fileRef = 2897E5422BA987FF00A9D8B0 /* NavbarView.swift */; };
		2897E54C2BA9958900A9D8B0 /* CoinRowView.swift in Sources */ = {isa = PBXBuildFile; fileRef = 2897E54B2BA9958900A9D8B0 /* CoinRowView.swift */; };
		2897E54E2BA9B3A600A9D8B0 /* DeveloperPreview.swift in Sources */ = {isa = PBXBuildFile; fileRef = 2897E54D2BA9B3A600A9D8B0 /* DeveloperPreview.swift */; };
		2897E5602BAA321100A9D8B0 /* Double.swift in Sources */ = {isa = PBXBuildFile; fileRef = 2897E55F2BAA321100A9D8B0 /* Double.swift */; };
		2898E99E2BDAE81600BEC6E6 /* PortfolioContainer.xcdatamodeld in Sources */ = {isa = PBXBuildFile; fileRef = 2898E99C2BDAE81600BEC6E6 /* PortfolioContainer.xcdatamodeld */; };
		2898E9A02BDAE87100BEC6E6 /* PortfolioDataService.swift in Sources */ = {isa = PBXBuildFile; fileRef = 2898E99F2BDAE87100BEC6E6 /* PortfolioDataService.swift */; };
		28BF3E792BBB534B007C804F /* StaticsModel.swift in Sources */ = {isa = PBXBuildFile; fileRef = 28BF3E782BBB534B007C804F /* StaticsModel.swift */; };
		28BF3E7B2BBB5506007C804F /* StatisticView.swift in Sources */ = {isa = PBXBuildFile; fileRef = 28BF3E7A2BBB5506007C804F /* StatisticView.swift */; };
		28BF3E7D2BBB59D9007C804F /* HomeStatsView.swift in Sources */ = {isa = PBXBuildFile; fileRef = 28BF3E7C2BBB59D9007C804F /* HomeStatsView.swift */; };
		28CB66D82BA1D60B0016D9F6 /* CryptoAppApp.swift in Sources */ = {isa = PBXBuildFile; fileRef = 28CB66D72BA1D60B0016D9F6 /* CryptoAppApp.swift */; };
		28CB66DA2BA1D60B0016D9F6 /* HomeView.swift in Sources */ = {isa = PBXBuildFile; fileRef = 28CB66D92BA1D60B0016D9F6 /* HomeView.swift */; };
		28CB66DC2BA1D60E0016D9F6 /* Assets.xcassets in Resources */ = {isa = PBXBuildFile; fileRef = 28CB66DB2BA1D60E0016D9F6 /* Assets.xcassets */; };
		28CB66DF2BA1D60E0016D9F6 /* Preview Assets.xcassets in Resources */ = {isa = PBXBuildFile; fileRef = 28CB66DE2BA1D60E0016D9F6 /* Preview Assets.xcassets */; };
		28E0FD032BBC9840009067C1 /* MarketDataModel.swift in Sources */ = {isa = PBXBuildFile; fileRef = 28E0FD022BBC9840009067C1 /* MarketDataModel.swift */; };
		28E0FD052BBC9ADA009067C1 /* MarketDataService.swift in Sources */ = {isa = PBXBuildFile; fileRef = 28E0FD042BBC9ADA009067C1 /* MarketDataService.swift */; };
		28EA4CA02BC1ADB7004A7124 /* PortfolioView.swift in Sources */ = {isa = PBXBuildFile; fileRef = 28EA4C9F2BC1ADB7004A7124 /* PortfolioView.swift */; };
		28EA4CA22BC1AF86004A7124 /* XMarkButton.swift in Sources */ = {isa = PBXBuildFile; fileRef = 28EA4CA12BC1AF86004A7124 /* XMarkButton.swift */; };
		28EA4CA72BC1C8B7004A7124 /* CoinLogoView.swift in Sources */ = {isa = PBXBuildFile; fileRef = 28EA4CA62BC1C8B7004A7124 /* CoinLogoView.swift */; };
		28EA4CAA2BC1C943004A7124 /* AsyncImageForCoin.swift in Sources */ = {isa = PBXBuildFile; fileRef = 28EA4CA92BC1C942004A7124 /* AsyncImageForCoin.swift */; };
/* End PBXBuildFile section */

/* Begin PBXFileReference section */
		280064692BB610580076815A /* ContentView.swift */ = {isa = PBXFileReference; lastKnownFileType = sourcecode.swift; path = ContentView.swift; sourceTree = "<group>"; };
		2800646E2BB611C00076815A /* HomeViewModel.swift */ = {isa = PBXFileReference; lastKnownFileType = sourcecode.swift; path = HomeViewModel.swift; sourceTree = "<group>"; };
		280064722BB61B050076815A /* CoinDataService.swift */ = {isa = PBXFileReference; lastKnownFileType = sourcecode.swift; path = CoinDataService.swift; sourceTree = "<group>"; };
		280064742BB62CA00076815A /* SearchBarView.swift */ = {isa = PBXFileReference; lastKnownFileType = sourcecode.swift; path = SearchBarView.swift; sourceTree = "<group>"; };
		288DFBF72BC975FD00A797A8 /* SubHeaderView.swift */ = {isa = PBXFileReference; lastKnownFileType = sourcecode.swift; path = SubHeaderView.swift; sourceTree = "<group>"; };
		288DFBFA2BC9794800A797A8 /* AllCoinListView.swift */ = {isa = PBXFileReference; lastKnownFileType = sourcecode.swift; path = AllCoinListView.swift; sourceTree = "<group>"; };
		288DFBFD2BC97AA300A797A8 /* PortfolioCoinListView.swift */ = {isa = PBXFileReference; lastKnownFileType = sourcecode.swift; path = PortfolioCoinListView.swift; sourceTree = "<group>"; };
		288DFC002BC97FF000A797A8 /* CoinModel.swift */ = {isa = PBXFileReference; lastKnownFileType = sourcecode.swift; path = CoinModel.swift; sourceTree = "<group>"; };
		288DFC052BC9809D00A797A8 /* TitleView.swift */ = {isa = PBXFileReference; lastKnownFileType = sourcecode.swift; path = TitleView.swift; sourceTree = "<group>"; };
		288DFC072BC980FA00A797A8 /* AllCoinLogoViews.swift */ = {isa = PBXFileReference; lastKnownFileType = sourcecode.swift; path = AllCoinLogoViews.swift; sourceTree = "<group>"; };
		288DFC092BC983BD00A797A8 /* PortfolioInputView.swift */ = {isa = PBXFileReference; lastKnownFileType = sourcecode.swift; path = PortfolioInputView.swift; sourceTree = "<group>"; };
		288DFC0B2BC9A89C00A797A8 /* PortfolioNavbarView.swift */ = {isa = PBXFileReference; lastKnownFileType = sourcecode.swift; path = PortfolioNavbarView.swift; sourceTree = "<group>"; };
		2897E5342BA9779600A9D8B0 /* Color.swift */ = {isa = PBXFileReference; lastKnownFileType = sourcecode.swift; path = Color.swift; sourceTree = "<group>"; };
		2897E53E2BA97B3600A9D8B0 /* CustomCircleButtonView.swift */ = {isa = PBXFileReference; lastKnownFileType = sourcecode.swift; path = CustomCircleButtonView.swift; sourceTree = "<group>"; };
		2897E5402BA983E600A9D8B0 /* CircleButtonAnimationView.swift */ = {isa = PBXFileReference; lastKnownFileType = sourcecode.swift; path = CircleButtonAnimationView.swift; sourceTree = "<group>"; };
		2897E5422BA987FF00A9D8B0 /* NavbarView.swift */ = {isa = PBXFileReference; lastKnownFileType = sourcecode.swift; path = NavbarView.swift; sourceTree = "<group>"; };
		2897E54B2BA9958900A9D8B0 /* CoinRowView.swift */ = {isa = PBXFileReference; lastKnownFileType = sourcecode.swift; path = CoinRowView.swift; sourceTree = "<group>"; };
		2897E54D2BA9B3A600A9D8B0 /* DeveloperPreview.swift */ = {isa = PBXFileReference; fileEncoding = 4; lastKnownFileType = sourcecode.swift; path = DeveloperPreview.swift; sourceTree = "<group>"; };
		2897E55F2BAA321100A9D8B0 /* Double.swift */ = {isa = PBXFileReference; lastKnownFileType = sourcecode.swift; path = Double.swift; sourceTree = "<group>"; };
		2898E99D2BDAE81600BEC6E6 /* PortfolioContainer.xcdatamodel */ = {isa = PBXFileReference; lastKnownFileType = wrapper.xcdatamodel; path = PortfolioContainer.xcdatamodel; sourceTree = "<group>"; };
		2898E99F2BDAE87100BEC6E6 /* PortfolioDataService.swift */ = {isa = PBXFileReference; lastKnownFileType = sourcecode.swift; path = PortfolioDataService.swift; sourceTree = "<group>"; };
		28BF3E782BBB534B007C804F /* StaticsModel.swift */ = {isa = PBXFileReference; lastKnownFileType = sourcecode.swift; path = StaticsModel.swift; sourceTree = "<group>"; };
		28BF3E7A2BBB5506007C804F /* StatisticView.swift */ = {isa = PBXFileReference; lastKnownFileType = sourcecode.swift; path = StatisticView.swift; sourceTree = "<group>"; };
		28BF3E7C2BBB59D9007C804F /* HomeStatsView.swift */ = {isa = PBXFileReference; lastKnownFileType = sourcecode.swift; path = HomeStatsView.swift; sourceTree = "<group>"; };
		28CB66D42BA1D60B0016D9F6 /* CryptoApp.app */ = {isa = PBXFileReference; explicitFileType = wrapper.application; includeInIndex = 0; path = CryptoApp.app; sourceTree = BUILT_PRODUCTS_DIR; };
		28CB66D72BA1D60B0016D9F6 /* CryptoAppApp.swift */ = {isa = PBXFileReference; lastKnownFileType = sourcecode.swift; path = CryptoAppApp.swift; sourceTree = "<group>"; };
		28CB66D92BA1D60B0016D9F6 /* HomeView.swift */ = {isa = PBXFileReference; lastKnownFileType = sourcecode.swift; path = HomeView.swift; sourceTree = "<group>"; };
		28CB66DB2BA1D60E0016D9F6 /* Assets.xcassets */ = {isa = PBXFileReference; lastKnownFileType = folder.assetcatalog; path = Assets.xcassets; sourceTree = "<group>"; };
		28CB66DE2BA1D60E0016D9F6 /* Preview Assets.xcassets */ = {isa = PBXFileReference; lastKnownFileType = folder.assetcatalog; path = "Preview Assets.xcassets"; sourceTree = "<group>"; };
		28E0FD022BBC9840009067C1 /* MarketDataModel.swift */ = {isa = PBXFileReference; lastKnownFileType = sourcecode.swift; path = MarketDataModel.swift; sourceTree = "<group>"; };
		28E0FD042BBC9ADA009067C1 /* MarketDataService.swift */ = {isa = PBXFileReference; lastKnownFileType = sourcecode.swift; path = MarketDataService.swift; sourceTree = "<group>"; };
		28EA4C9F2BC1ADB7004A7124 /* PortfolioView.swift */ = {isa = PBXFileReference; lastKnownFileType = sourcecode.swift; path = PortfolioView.swift; sourceTree = "<group>"; };
		28EA4CA12BC1AF86004A7124 /* XMarkButton.swift */ = {isa = PBXFileReference; lastKnownFileType = sourcecode.swift; path = XMarkButton.swift; sourceTree = "<group>"; };
		28EA4CA62BC1C8B7004A7124 /* CoinLogoView.swift */ = {isa = PBXFileReference; lastKnownFileType = sourcecode.swift; path = CoinLogoView.swift; sourceTree = "<group>"; };
		28EA4CA92BC1C942004A7124 /* AsyncImageForCoin.swift */ = {isa = PBXFileReference; lastKnownFileType = sourcecode.swift; path = AsyncImageForCoin.swift; sourceTree = "<group>"; };
/* End PBXFileReference section */

/* Begin PBXFrameworksBuildPhase section */
		28CB66D12BA1D60B0016D9F6 /* Frameworks */ = {
			isa = PBXFrameworksBuildPhase;
			buildActionMask = 2147483647;
			files = (
			);
			runOnlyForDeploymentPostprocessing = 0;
		};
/* End PBXFrameworksBuildPhase section */

/* Begin PBXGroup section */
		280064712BB61AE00076815A /* Service */ = {
			isa = PBXGroup;
			children = (
				280064722BB61B050076815A /* CoinDataService.swift */,
				28E0FD042BBC9ADA009067C1 /* MarketDataService.swift */,
				2898E99F2BDAE87100BEC6E6 /* PortfolioDataService.swift */,
			);
			path = Service;
			sourceTree = "<group>";
		};
		288DFBF22BC9753D00A797A8 /* Core */ = {
			isa = PBXGroup;
			children = (
				288DFBFF2BC97FB100A797A8 /* Portfolio */,
				288DFBF32BC9755D00A797A8 /* Home */,
			);
			path = Core;
			sourceTree = "<group>";
		};
		288DFBF32BC9755D00A797A8 /* Home */ = {
			isa = PBXGroup;
			children = (
				288DFBF62BC9758300A797A8 /* Model */,
				288DFBF52BC9757900A797A8 /* ViewModel */,
				288DFBF42BC9757500A797A8 /* Views */,
				28CB66D92BA1D60B0016D9F6 /* HomeView.swift */,
			);
			path = Home;
			sourceTree = "<group>";
		};
		288DFBF42BC9757500A797A8 /* Views */ = {
			isa = PBXGroup;
			children = (
				2897E5422BA987FF00A9D8B0 /* NavbarView.swift */,
				28BF3E7C2BBB59D9007C804F /* HomeStatsView.swift */,
				288DFBF72BC975FD00A797A8 /* SubHeaderView.swift */,
				288DFBFA2BC9794800A797A8 /* AllCoinListView.swift */,
				288DFBFD2BC97AA300A797A8 /* PortfolioCoinListView.swift */,
			);
			path = Views;
			sourceTree = "<group>";
		};
		288DFBF52BC9757900A797A8 /* ViewModel */ = {
			isa = PBXGroup;
			children = (
				2800646E2BB611C00076815A /* HomeViewModel.swift */,
			);
			path = ViewModel;
			sourceTree = "<group>";
		};
		288DFBF62BC9758300A797A8 /* Model */ = {
			isa = PBXGroup;
			children = (
				28E0FD022BBC9840009067C1 /* MarketDataModel.swift */,
				28BF3E782BBB534B007C804F /* StaticsModel.swift */,
				288DFC002BC97FF000A797A8 /* CoinModel.swift */,
			);
			path = Model;
			sourceTree = "<group>";
		};
		288DFBFF2BC97FB100A797A8 /* Portfolio */ = {
			isa = PBXGroup;
			children = (
				288DFC022BC9802600A797A8 /* Model */,
				288DFC032BC9802B00A797A8 /* ViewModel */,
				288DFC042BC9803300A797A8 /* View */,
				28EA4C9F2BC1ADB7004A7124 /* PortfolioView.swift */,
			);
			path = Portfolio;
			sourceTree = "<group>";
		};
		288DFC022BC9802600A797A8 /* Model */ = {
			isa = PBXGroup;
			children = (
				2898E99C2BDAE81600BEC6E6 /* PortfolioContainer.xcdatamodeld */,
			);
			path = Model;
			sourceTree = "<group>";
		};
		288DFC032BC9802B00A797A8 /* ViewModel */ = {
			isa = PBXGroup;
			children = (
			);
			path = ViewModel;
			sourceTree = "<group>";
		};
		288DFC042BC9803300A797A8 /* View */ = {
			isa = PBXGroup;
			children = (
				288DFC0B2BC9A89C00A797A8 /* PortfolioNavbarView.swift */,
				28EA4CA62BC1C8B7004A7124 /* CoinLogoView.swift */,
				288DFC052BC9809D00A797A8 /* TitleView.swift */,
				288DFC072BC980FA00A797A8 /* AllCoinLogoViews.swift */,
				288DFC092BC983BD00A797A8 /* PortfolioInputView.swift */,
			);
			path = View;
			sourceTree = "<group>";
		};
		2897E5322BA9754E00A9D8B0 /* Extensions */ = {
			isa = PBXGroup;
			children = (
				2897E54D2BA9B3A600A9D8B0 /* DeveloperPreview.swift */,
				2897E5342BA9779600A9D8B0 /* Color.swift */,
				2897E55F2BAA321100A9D8B0 /* Double.swift */,
			);
			path = Extensions;
			sourceTree = "<group>";
		};
		2897E5332BA9756600A9D8B0 /* App */ = {
			isa = PBXGroup;
			children = (
				28CB66D72BA1D60B0016D9F6 /* CryptoAppApp.swift */,
				280064692BB610580076815A /* ContentView.swift */,
			);
			path = App;
			sourceTree = "<group>";
		};
		2897E5362BA9781200A9D8B0 /* Resources */ = {
			isa = PBXGroup;
			children = (
				28CB66DB2BA1D60E0016D9F6 /* Assets.xcassets */,
			);
			path = Resources;
			sourceTree = "<group>";
		};
		2897E53D2BA97B1D00A9D8B0 /* Utility */ = {
			isa = PBXGroup;
			children = (
				2897E54B2BA9958900A9D8B0 /* CoinRowView.swift */,
				280064742BB62CA00076815A /* SearchBarView.swift */,
				28BF3E7A2BBB5506007C804F /* StatisticView.swift */,
				2897E53E2BA97B3600A9D8B0 /* CustomCircleButtonView.swift */,
				2897E5402BA983E600A9D8B0 /* CircleButtonAnimationView.swift */,
				28EA4CA12BC1AF86004A7124 /* XMarkButton.swift */,
				28EA4CA92BC1C942004A7124 /* AsyncImageForCoin.swift */,
			);
			path = Utility;
			sourceTree = "<group>";
		};
		28CB66CB2BA1D60A0016D9F6 = {
			isa = PBXGroup;
			children = (
				28CB66D62BA1D60B0016D9F6 /* CryptoApp */,
				28CB66D52BA1D60B0016D9F6 /* Products */,
			);
			sourceTree = "<group>";
		};
		28CB66D52BA1D60B0016D9F6 /* Products */ = {
			isa = PBXGroup;
			children = (
				28CB66D42BA1D60B0016D9F6 /* CryptoApp.app */,
			);
			name = Products;
			sourceTree = "<group>";
		};
		28CB66D62BA1D60B0016D9F6 /* CryptoApp */ = {
			isa = PBXGroup;
			children = (
				2897E5332BA9756600A9D8B0 /* App */,
				2897E5362BA9781200A9D8B0 /* Resources */,
				2897E53D2BA97B1D00A9D8B0 /* Utility */,
				2897E5322BA9754E00A9D8B0 /* Extensions */,
				280064712BB61AE00076815A /* Service */,
				288DFBF22BC9753D00A797A8 /* Core */,
				28CB66DD2BA1D60E0016D9F6 /* Preview Content */,
			);
			path = CryptoApp;
			sourceTree = "<group>";
		};
		28CB66DD2BA1D60E0016D9F6 /* Preview Content */ = {
			isa = PBXGroup;
			children = (
				28CB66DE2BA1D60E0016D9F6 /* Preview Assets.xcassets */,
			);
			path = "Preview Content";
			sourceTree = "<group>";
		};
/* End PBXGroup section */

/* Begin PBXNativeTarget section */
		28CB66D32BA1D60B0016D9F6 /* CryptoApp */ = {
			isa = PBXNativeTarget;
			buildConfigurationList = 28CB66E22BA1D60E0016D9F6 /* Build configuration list for PBXNativeTarget "CryptoApp" */;
			buildPhases = (
				28CB66D02BA1D60B0016D9F6 /* Sources */,
				28CB66D12BA1D60B0016D9F6 /* Frameworks */,
				28CB66D22BA1D60B0016D9F6 /* Resources */,
			);
			buildRules = (
			);
			dependencies = (
			);
			name = CryptoApp;
			productName = CryptoApp;
			productReference = 28CB66D42BA1D60B0016D9F6 /* CryptoApp.app */;
			productType = "com.apple.product-type.application";
		};
/* End PBXNativeTarget section */

/* Begin PBXProject section */
		28CB66CC2BA1D60A0016D9F6 /* Project object */ = {
			isa = PBXProject;
			attributes = {
				BuildIndependentTargetsInParallel = 1;
				LastSwiftUpdateCheck = 1500;
				LastUpgradeCheck = 1500;
				TargetAttributes = {
					28CB66D32BA1D60B0016D9F6 = {
						CreatedOnToolsVersion = 15.0.1;
					};
				};
			};
			buildConfigurationList = 28CB66CF2BA1D60A0016D9F6 /* Build configuration list for PBXProject "CryptoApp" */;
			compatibilityVersion = "Xcode 14.0";
			developmentRegion = en;
			hasScannedForEncodings = 0;
			knownRegions = (
				en,
				Base,
			);
			mainGroup = 28CB66CB2BA1D60A0016D9F6;
			productRefGroup = 28CB66D52BA1D60B0016D9F6 /* Products */;
			projectDirPath = "";
			projectRoot = "";
			targets = (
				28CB66D32BA1D60B0016D9F6 /* CryptoApp */,
			);
		};
/* End PBXProject section */

/* Begin PBXResourcesBuildPhase section */
		28CB66D22BA1D60B0016D9F6 /* Resources */ = {
			isa = PBXResourcesBuildPhase;
			buildActionMask = 2147483647;
			files = (
				28CB66DF2BA1D60E0016D9F6 /* Preview Assets.xcassets in Resources */,
				28CB66DC2BA1D60E0016D9F6 /* Assets.xcassets in Resources */,
			);
			runOnlyForDeploymentPostprocessing = 0;
		};
/* End PBXResourcesBuildPhase section */

/* Begin PBXSourcesBuildPhase section */
		28CB66D02BA1D60B0016D9F6 /* Sources */ = {
			isa = PBXSourcesBuildPhase;
			buildActionMask = 2147483647;
			files = (
				288DFC062BC9809D00A797A8 /* TitleView.swift in Sources */,
				288DFBFE2BC97AA300A797A8 /* PortfolioCoinListView.swift in Sources */,
				288DFC0C2BC9A89C00A797A8 /* PortfolioNavbarView.swift in Sources */,
				2897E54C2BA9958900A9D8B0 /* CoinRowView.swift in Sources */,
				28E0FD032BBC9840009067C1 /* MarketDataModel.swift in Sources */,
				28BF3E7B2BBB5506007C804F /* StatisticView.swift in Sources */,
				2800646A2BB610580076815A /* ContentView.swift in Sources */,
				28CB66DA2BA1D60B0016D9F6 /* HomeView.swift in Sources */,
				28BF3E7D2BBB59D9007C804F /* HomeStatsView.swift in Sources */,
				2897E53F2BA97B3600A9D8B0 /* CustomCircleButtonView.swift in Sources */,
				2897E5432BA987FF00A9D8B0 /* NavbarView.swift in Sources */,
				288DFC082BC980FA00A797A8 /* AllCoinLogoViews.swift in Sources */,
				280064732BB61B050076815A /* CoinDataService.swift in Sources */,
				288DFC012BC97FF000A797A8 /* CoinModel.swift in Sources */,
				2897E5412BA983E600A9D8B0 /* CircleButtonAnimationView.swift in Sources */,
				28CB66D82BA1D60B0016D9F6 /* CryptoAppApp.swift in Sources */,
				28EA4CA02BC1ADB7004A7124 /* PortfolioView.swift in Sources */,
				28EA4CA72BC1C8B7004A7124 /* CoinLogoView.swift in Sources */,
				28EA4CAA2BC1C943004A7124 /* AsyncImageForCoin.swift in Sources */,
				2800646F2BB611C00076815A /* HomeViewModel.swift in Sources */,
				2897E5352BA9779700A9D8B0 /* Color.swift in Sources */,
				280064752BB62CA00076815A /* SearchBarView.swift in Sources */,
				2897E54E2BA9B3A600A9D8B0 /* DeveloperPreview.swift in Sources */,
				2898E99E2BDAE81600BEC6E6 /* PortfolioContainer.xcdatamodeld in Sources */,
				2897E5602BAA321100A9D8B0 /* Double.swift in Sources */,
				288DFC0A2BC983BD00A797A8 /* PortfolioInputView.swift in Sources */,
				28EA4CA22BC1AF86004A7124 /* XMarkButton.swift in Sources */,
				2898E9A02BDAE87100BEC6E6 /* PortfolioDataService.swift in Sources */,
				288DFBF82BC975FD00A797A8 /* SubHeaderView.swift in Sources */,
				28E0FD052BBC9ADA009067C1 /* MarketDataService.swift in Sources */,
				288DFBFB2BC9794800A797A8 /* AllCoinListView.swift in Sources */,
				28BF3E792BBB534B007C804F /* StaticsModel.swift in Sources */,
			);
			runOnlyForDeploymentPostprocessing = 0;
		};
/* End PBXSourcesBuildPhase section */

/* Begin XCBuildConfiguration section */
		28CB66E02BA1D60E0016D9F6 /* Debug */ = {
			isa = XCBuildConfiguration;
			buildSettings = {
				ALWAYS_SEARCH_USER_PATHS = NO;
				ASSETCATALOG_COMPILER_GENERATE_SWIFT_ASSET_SYMBOL_EXTENSIONS = YES;
				CLANG_ANALYZER_NONNULL = YES;
				CLANG_ANALYZER_NUMBER_OBJECT_CONVERSION = YES_AGGRESSIVE;
				CLANG_CXX_LANGUAGE_STANDARD = "gnu++20";
				CLANG_ENABLE_MODULES = YES;
				CLANG_ENABLE_OBJC_ARC = YES;
				CLANG_ENABLE_OBJC_WEAK = YES;
				CLANG_WARN_BLOCK_CAPTURE_AUTORELEASING = YES;
				CLANG_WARN_BOOL_CONVERSION = YES;
				CLANG_WARN_COMMA = YES;
				CLANG_WARN_CONSTANT_CONVERSION = YES;
				CLANG_WARN_DEPRECATED_OBJC_IMPLEMENTATIONS = YES;
				CLANG_WARN_DIRECT_OBJC_ISA_USAGE = YES_ERROR;
				CLANG_WARN_DOCUMENTATION_COMMENTS = YES;
				CLANG_WARN_EMPTY_BODY = YES;
				CLANG_WARN_ENUM_CONVERSION = YES;
				CLANG_WARN_INFINITE_RECURSION = YES;
				CLANG_WARN_INT_CONVERSION = YES;
				CLANG_WARN_NON_LITERAL_NULL_CONVERSION = YES;
				CLANG_WARN_OBJC_IMPLICIT_RETAIN_SELF = YES;
				CLANG_WARN_OBJC_LITERAL_CONVERSION = YES;
				CLANG_WARN_OBJC_ROOT_CLASS = YES_ERROR;
				CLANG_WARN_QUOTED_INCLUDE_IN_FRAMEWORK_HEADER = YES;
				CLANG_WARN_RANGE_LOOP_ANALYSIS = YES;
				CLANG_WARN_STRICT_PROTOTYPES = YES;
				CLANG_WARN_SUSPICIOUS_MOVE = YES;
				CLANG_WARN_UNGUARDED_AVAILABILITY = YES_AGGRESSIVE;
				CLANG_WARN_UNREACHABLE_CODE = YES;
				CLANG_WARN__DUPLICATE_METHOD_MATCH = YES;
				COPY_PHASE_STRIP = NO;
				DEBUG_INFORMATION_FORMAT = dwarf;
				ENABLE_STRICT_OBJC_MSGSEND = YES;
				ENABLE_TESTABILITY = YES;
				ENABLE_USER_SCRIPT_SANDBOXING = YES;
				GCC_C_LANGUAGE_STANDARD = gnu17;
				GCC_DYNAMIC_NO_PIC = NO;
				GCC_NO_COMMON_BLOCKS = YES;
				GCC_OPTIMIZATION_LEVEL = 0;
				GCC_PREPROCESSOR_DEFINITIONS = (
					"DEBUG=1",
					"$(inherited)",
				);
				GCC_WARN_64_TO_32_BIT_CONVERSION = YES;
				GCC_WARN_ABOUT_RETURN_TYPE = YES_ERROR;
				GCC_WARN_UNDECLARED_SELECTOR = YES;
				GCC_WARN_UNINITIALIZED_AUTOS = YES_AGGRESSIVE;
				GCC_WARN_UNUSED_FUNCTION = YES;
				GCC_WARN_UNUSED_VARIABLE = YES;
				IPHONEOS_DEPLOYMENT_TARGET = 17.0;
				LOCALIZATION_PREFERS_STRING_CATALOGS = YES;
				MTL_ENABLE_DEBUG_INFO = INCLUDE_SOURCE;
				MTL_FAST_MATH = YES;
				ONLY_ACTIVE_ARCH = YES;
				SDKROOT = iphoneos;
				SWIFT_ACTIVE_COMPILATION_CONDITIONS = "DEBUG $(inherited)";
				SWIFT_OPTIMIZATION_LEVEL = "-Onone";
			};
			name = Debug;
		};
		28CB66E12BA1D60E0016D9F6 /* Release */ = {
			isa = XCBuildConfiguration;
			buildSettings = {
				ALWAYS_SEARCH_USER_PATHS = NO;
				ASSETCATALOG_COMPILER_GENERATE_SWIFT_ASSET_SYMBOL_EXTENSIONS = YES;
				CLANG_ANALYZER_NONNULL = YES;
				CLANG_ANALYZER_NUMBER_OBJECT_CONVERSION = YES_AGGRESSIVE;
				CLANG_CXX_LANGUAGE_STANDARD = "gnu++20";
				CLANG_ENABLE_MODULES = YES;
				CLANG_ENABLE_OBJC_ARC = YES;
				CLANG_ENABLE_OBJC_WEAK = YES;
				CLANG_WARN_BLOCK_CAPTURE_AUTORELEASING = YES;
				CLANG_WARN_BOOL_CONVERSION = YES;
				CLANG_WARN_COMMA = YES;
				CLANG_WARN_CONSTANT_CONVERSION = YES;
				CLANG_WARN_DEPRECATED_OBJC_IMPLEMENTATIONS = YES;
				CLANG_WARN_DIRECT_OBJC_ISA_USAGE = YES_ERROR;
				CLANG_WARN_DOCUMENTATION_COMMENTS = YES;
				CLANG_WARN_EMPTY_BODY = YES;
				CLANG_WARN_ENUM_CONVERSION = YES;
				CLANG_WARN_INFINITE_RECURSION = YES;
				CLANG_WARN_INT_CONVERSION = YES;
				CLANG_WARN_NON_LITERAL_NULL_CONVERSION = YES;
				CLANG_WARN_OBJC_IMPLICIT_RETAIN_SELF = YES;
				CLANG_WARN_OBJC_LITERAL_CONVERSION = YES;
				CLANG_WARN_OBJC_ROOT_CLASS = YES_ERROR;
				CLANG_WARN_QUOTED_INCLUDE_IN_FRAMEWORK_HEADER = YES;
				CLANG_WARN_RANGE_LOOP_ANALYSIS = YES;
				CLANG_WARN_STRICT_PROTOTYPES = YES;
				CLANG_WARN_SUSPICIOUS_MOVE = YES;
				CLANG_WARN_UNGUARDED_AVAILABILITY = YES_AGGRESSIVE;
				CLANG_WARN_UNREACHABLE_CODE = YES;
				CLANG_WARN__DUPLICATE_METHOD_MATCH = YES;
				COPY_PHASE_STRIP = NO;
				DEBUG_INFORMATION_FORMAT = "dwarf-with-dsym";
				ENABLE_NS_ASSERTIONS = NO;
				ENABLE_STRICT_OBJC_MSGSEND = YES;
				ENABLE_USER_SCRIPT_SANDBOXING = YES;
				GCC_C_LANGUAGE_STANDARD = gnu17;
				GCC_NO_COMMON_BLOCKS = YES;
				GCC_WARN_64_TO_32_BIT_CONVERSION = YES;
				GCC_WARN_ABOUT_RETURN_TYPE = YES_ERROR;
				GCC_WARN_UNDECLARED_SELECTOR = YES;
				GCC_WARN_UNINITIALIZED_AUTOS = YES_AGGRESSIVE;
				GCC_WARN_UNUSED_FUNCTION = YES;
				GCC_WARN_UNUSED_VARIABLE = YES;
				IPHONEOS_DEPLOYMENT_TARGET = 17.0;
				LOCALIZATION_PREFERS_STRING_CATALOGS = YES;
				MTL_ENABLE_DEBUG_INFO = NO;
				MTL_FAST_MATH = YES;
				SDKROOT = iphoneos;
				SWIFT_COMPILATION_MODE = wholemodule;
				VALIDATE_PRODUCT = YES;
			};
			name = Release;
		};
		28CB66E32BA1D60E0016D9F6 /* Debug */ = {
			isa = XCBuildConfiguration;
			buildSettings = {
				ASSETCATALOG_COMPILER_APPICON_NAME = AppIcon;
				ASSETCATALOG_COMPILER_GLOBAL_ACCENT_COLOR_NAME = AccentColor;
				CODE_SIGN_STYLE = Automatic;
				CURRENT_PROJECT_VERSION = 1;
				DEVELOPMENT_ASSET_PATHS = "\"CryptoApp/Preview Content\"";
				DEVELOPMENT_TEAM = 56JF3858ZD;
				ENABLE_PREVIEWS = YES;
				GENERATE_INFOPLIST_FILE = YES;
				INFOPLIST_KEY_UIApplicationSceneManifest_Generation = YES;
				INFOPLIST_KEY_UIApplicationSupportsIndirectInputEvents = YES;
				INFOPLIST_KEY_UILaunchScreen_Generation = YES;
				INFOPLIST_KEY_UISupportedInterfaceOrientations_iPad = "UIInterfaceOrientationPortrait UIInterfaceOrientationPortraitUpsideDown UIInterfaceOrientationLandscapeLeft UIInterfaceOrientationLandscapeRight";
				INFOPLIST_KEY_UISupportedInterfaceOrientations_iPhone = "UIInterfaceOrientationPortrait UIInterfaceOrientationLandscapeLeft UIInterfaceOrientationLandscapeRight";
				LD_RUNPATH_SEARCH_PATHS = (
					"$(inherited)",
					"@executable_path/Frameworks",
				);
				MARKETING_VERSION = 1.0;
				PRODUCT_BUNDLE_IDENTIFIER = com.mehmetvural.CryptoApp;
				PRODUCT_NAME = "$(TARGET_NAME)";
				SWIFT_EMIT_LOC_STRINGS = YES;
				SWIFT_VERSION = 5.0;
				TARGETED_DEVICE_FAMILY = "1,2";
			};
			name = Debug;
		};
		28CB66E42BA1D60E0016D9F6 /* Release */ = {
			isa = XCBuildConfiguration;
			buildSettings = {
				ASSETCATALOG_COMPILER_APPICON_NAME = AppIcon;
				ASSETCATALOG_COMPILER_GLOBAL_ACCENT_COLOR_NAME = AccentColor;
				CODE_SIGN_STYLE = Automatic;
				CURRENT_PROJECT_VERSION = 1;
				DEVELOPMENT_ASSET_PATHS = "\"CryptoApp/Preview Content\"";
				DEVELOPMENT_TEAM = 56JF3858ZD;
				ENABLE_PREVIEWS = YES;
				GENERATE_INFOPLIST_FILE = YES;
				INFOPLIST_KEY_UIApplicationSceneManifest_Generation = YES;
				INFOPLIST_KEY_UIApplicationSupportsIndirectInputEvents = YES;
				INFOPLIST_KEY_UILaunchScreen_Generation = YES;
				INFOPLIST_KEY_UISupportedInterfaceOrientations_iPad = "UIInterfaceOrientationPortrait UIInterfaceOrientationPortraitUpsideDown UIInterfaceOrientationLandscapeLeft UIInterfaceOrientationLandscapeRight";
				INFOPLIST_KEY_UISupportedInterfaceOrientations_iPhone = "UIInterfaceOrientationPortrait UIInterfaceOrientationLandscapeLeft UIInterfaceOrientationLandscapeRight";
				LD_RUNPATH_SEARCH_PATHS = (
					"$(inherited)",
					"@executable_path/Frameworks",
				);
				MARKETING_VERSION = 1.0;
				PRODUCT_BUNDLE_IDENTIFIER = com.mehmetvural.CryptoApp;
				PRODUCT_NAME = "$(TARGET_NAME)";
				SWIFT_EMIT_LOC_STRINGS = YES;
				SWIFT_VERSION = 5.0;
				TARGETED_DEVICE_FAMILY = "1,2";
			};
			name = Release;
		};
/* End XCBuildConfiguration section */

/* Begin XCConfigurationList section */
		28CB66CF2BA1D60A0016D9F6 /* Build configuration list for PBXProject "CryptoApp" */ = {
			isa = XCConfigurationList;
			buildConfigurations = (
				28CB66E02BA1D60E0016D9F6 /* Debug */,
				28CB66E12BA1D60E0016D9F6 /* Release */,
			);
			defaultConfigurationIsVisible = 0;
			defaultConfigurationName = Release;
		};
		28CB66E22BA1D60E0016D9F6 /* Build configuration list for PBXNativeTarget "CryptoApp" */ = {
			isa = XCConfigurationList;
			buildConfigurations = (
				28CB66E32BA1D60E0016D9F6 /* Debug */,
				28CB66E42BA1D60E0016D9F6 /* Release */,
			);
			defaultConfigurationIsVisible = 0;
			defaultConfigurationName = Release;
		};
/* End XCConfigurationList section */

/* Begin XCVersionGroup section */
		2898E99C2BDAE81600BEC6E6 /* PortfolioContainer.xcdatamodeld */ = {
			isa = XCVersionGroup;
			children = (
				2898E99D2BDAE81600BEC6E6 /* PortfolioContainer.xcdatamodel */,
			);
			currentVersion = 2898E99D2BDAE81600BEC6E6 /* PortfolioContainer.xcdatamodel */;
			name = PortfolioContainer.xcdatamodeld;
			path = /Users/mehmetvural/Desktop/SwiftProjects/UI/CryptoApp/CryptoApp/Core/Portfolio/Model/PortfolioContainer.xcdatamodeld;
			sourceTree = "<group>";
			versionGroupType = wrapper.xcdatamodel;
		};
/* End XCVersionGroup section */
	};
	rootObject = 28CB66CC2BA1D60A0016D9F6 /* Project object */;
}
